
Microsoft Visual Studio Solution File, Format Version 12.00
# Visual Studio 15
Project("{FAE04EC0-301F-11D3-BF4B-00C04F79EFBC}") = "RunningApp", "RunningApp.csproj", "{6455E34D-310B-4F85-9B9B-74850A5A322F}"
EndProject
Global
	GlobalSection(SolutionConfigurationPlatforms) = preSolution
		Debug|Any CPU = Debug|Any CPU
		Release|Any CPU = Release|Any CPU
	EndGlobalSection
	GlobalSection(ProjectConfigurationPlatforms) = postSolution
		{6455E34D-310B-4F85-9B9B-74850A5A322F}.Debug|Any CPU.ActiveCfg = Debug|Any CPU
		{6455E34D-310B-4F85-9B9B-74850A5A322F}.Debug|Any CPU.Build.0 = Debug|Any CPU
		{6455E34D-310B-4F85-9B9B-74850A5A322F}.Release|Any CPU.ActiveCfg = Release|Any CPU
		{6455E34D-310B-4F85-9B9B-74850A5A322F}.Release|Any CPU.Build.0 = Release|Any CPU
	EndGlobalSection
EndGlobal
